PODS:
  - AnyImageKit (0.13.5):
    - AnyImageKit/Capture (= 0.13.5)
    - AnyImageKit/Core (= 0.13.5)
    - AnyImageKit/Editor (= 0.13.5)
    - AnyImageKit/Picker (= 0.13.5)
  - AnyImageKit/Capture (0.13.5):
    - AnyImageKit/Core
  - AnyImageKit/Core (0.13.5):
    - Kingfisher
    - SnapKit
  - AnyImageKit/Editor (0.13.5):
    - AnyImageKit/Core
  - AnyImageKit/Picker (0.13.5):
    - AnyImageKit/Core
  - Kingfisher (7.0.0)
  - SnapKit (5.0.1)

DEPENDENCIES:
  - AnyImageKit (from `./`)
  - Kingfisher (~> 7.0)
  - SnapKit (~> 5.0)

SPEC REPOS:
  trunk:
    - Kingfisher
    - SnapKit

EXTERNAL SOURCES:
  AnyImageKit:
    :path: "./"

SPEC CHECKSUMS:
  AnyImageKit: a38b9467a23d2b3e0cc35768e093fafe81a8fe59
  Kingfisher: 5efc54fec3980f92354898532e562cc17f31efb4
  SnapKit: 97b92857e3df3a0c71833cce143274bf6ef8e5eb

PODFILE CHECKSUM: bd8c710fcec2946ffd55b64c35e95c31ccd27b1d

COCOAPODS: 1.11.2
