PODS:
  - AnyImageKit (0.13.3):
    - AnyImageKit/Capture (= 0.13.3)
    - AnyImageKit/Core (= 0.13.3)
    - AnyImageKit/Editor (= 0.13.3)
    - AnyImageKit/Picker (= 0.13.3)
  - AnyImageKit/Capture (0.13.3):
    - AnyImageKit/Core
  - AnyImageKit/Core (0.13.3):
    - Kingfisher
    - SnapKit
  - AnyImageKit/Editor (0.13.3):
    - AnyImageKit/Core
  - AnyImageKit/Picker (0.13.3):
    - AnyImageKit/Core
  - Kingfisher (6.3.1)
  - SnapKit (5.0.1)

DEPENDENCIES:
  - AnyImageKit (from `./`)
  - Kingfisher (~> 6.0)
  - SnapKit (~> 5.0)

SPEC REPOS:
  trunk:
    - Kingfisher
    - SnapKit

EXTERNAL SOURCES:
  AnyImageKit:
    :path: "./"

SPEC CHECKSUMS:
  AnyImageKit: 5b6723d75e43fd93b0ffb17903dc0e5c78f3f637
  Kingfisher: 016c8b653a35add51dd34a3aba36b580041acc74
  SnapKit: 97b92857e3df3a0c71833cce143274bf6ef8e5eb

PODFILE CHECKSUM: f797279c867b19084ff61df3f6a2c99391049a80

COCOAPODS: 1.10.1
