PODS:
  - SnapKit (5.0.0)

DEPENDENCIES:
  - SnapKit (from `https://github.com/Lionyy/SnapKit.git`)

EXTERNAL SOURCES:
  SnapKit:
    :git: https://github.com/Lionyy/SnapKit.git

CHECKOUT OPTIONS:
  SnapKit:
    :commit: 4f129bc9b3afc4014c19cc3495e90f476c22723b
    :git: https://github.com/Lionyy/SnapKit.git

SPEC CHECKSUMS:
  SnapKit: b7ea5bdd665a542157fb4a6ccce91c5daffb1aa6

PODFILE CHECKSUM: f1eb29e456f2b21b7e02a6c7610fc56edf144c96

COCOAPODS: 1.8.4
