// !$*UTF8*$!
{
	archiveVersion = 1;
	classes = {
	};
	objectVersion = 52;
	objects = {

/* Begin PBXBuildFile section */
		A00869BD233C987600237651 /* AssociatedObject.swift in Sources */ = {isa = PBXBuildFile; fileRef = A00869BC233C987600237651 /* AssociatedObject.swift */; };
		A029D04F2330856C00BC6720 /* Album.swift in Sources */ = {isa = PBXBuildFile; fileRef = A0F4753B232F7DE500BB117B /* Album.swift */; };
		A036C3932330B5D000D32ED8 /* AlbumCell.swift in Sources */ = {isa = PBXBuildFile; fileRef = A036C3912330B5D000D32ED8 /* AlbumCell.swift */; };
		A036C3942330B5D000D32ED8 /* AssetCell.swift in Sources */ = {isa = PBXBuildFile; fileRef = A036C3922330B5D000D32ED8 /* AssetCell.swift */; };
		A036C3982330E5F300D32ED8 /* Ex+UIImage.swift in Sources */ = {isa = PBXBuildFile; fileRef = A036C3972330E5F300D32ED8 /* Ex+UIImage.swift */; };
		A05C8DA1233DEBFC005B0F3C /* PhotoManager+PhotoData.swift in Sources */ = {isa = PBXBuildFile; fileRef = A05C8DA0233DEBFC005B0F3C /* PhotoManager+PhotoData.swift */; };
		A05C8DA3233DEFD7005B0F3C /* PhotoManager+Photo.swift in Sources */ = {isa = PBXBuildFile; fileRef = A05C8DA2233DEFD7005B0F3C /* PhotoManager+Photo.swift */; };
		A05C8DA5233DFA28005B0F3C /* PhotoManager+PhotoGIF.swift in Sources */ = {isa = PBXBuildFile; fileRef = A05C8DA4233DFA28005B0F3C /* PhotoManager+PhotoGIF.swift */; };
		A05C8DA7233DFC71005B0F3C /* PhotoManager+Album.swift in Sources */ = {isa = PBXBuildFile; fileRef = A05C8DA6233DFC71005B0F3C /* PhotoManager+Album.swift */; };
		A05C8DA9233DFCD2005B0F3C /* ImagePickerError.swift in Sources */ = {isa = PBXBuildFile; fileRef = A05C8DA8233DFCD2005B0F3C /* ImagePickerError.swift */; };
		A05C8DAB233E0F56005B0F3C /* MediaType.swift in Sources */ = {isa = PBXBuildFile; fileRef = A05C8DAA233E0F56005B0F3C /* MediaType.swift */; };
		A0604E7123307ABD00D9AA01 /* Ex+PHFetchResult.swift in Sources */ = {isa = PBXBuildFile; fileRef = A0604E7023307ABD00D9AA01 /* Ex+PHFetchResult.swift */; };
		A07D8794233CA257000108C7 /* Ex+CGImagePropertyOrientation.swift in Sources */ = {isa = PBXBuildFile; fileRef = A07D8793233CA257000108C7 /* Ex+CGImagePropertyOrientation.swift */; };
		A07D8796233DA2B8000108C7 /* Ex+PHAsset.swift in Sources */ = {isa = PBXBuildFile; fileRef = A07D8795233DA2B8000108C7 /* Ex+PHAsset.swift */; };
		A0800411232F4EE4006B4711 /* ImagePickerController.swift in Sources */ = {isa = PBXBuildFile; fileRef = A0800410232F4EE4006B4711 /* ImagePickerController.swift */; };
		A0800413232F5B44006B4711 /* AssetPickerViewController.swift in Sources */ = {isa = PBXBuildFile; fileRef = A0800412232F5B44006B4711 /* AssetPickerViewController.swift */; };
		A0800415232F5F7A006B4711 /* PhotoManager.swift in Sources */ = {isa = PBXBuildFile; fileRef = A0800414232F5F7A006B4711 /* PhotoManager.swift */; };
		A099CC6A232F3BF70023CC3D /* AnyImagePicker.framework in Frameworks */ = {isa = PBXBuildFile; fileRef = A099CC60232F3BF70023CC3D /* AnyImagePicker.framework */; };
		A099CC6F232F3BF70023CC3D /* AnyImagePickerTests.swift in Sources */ = {isa = PBXBuildFile; fileRef = A099CC6E232F3BF70023CC3D /* AnyImagePickerTests.swift */; };
		A099CC71232F3BF70023CC3D /* AnyImagePicker.h in Headers */ = {isa = PBXBuildFile; fileRef = A099CC63232F3BF70023CC3D /* AnyImagePicker.h */; settings = {ATTRIBUTES = (Public, ); }; };
		A09FFE6123404923000DEF87 /* PhotoManager+Video.swift in Sources */ = {isa = PBXBuildFile; fileRef = A09FFE6023404923000DEF87 /* PhotoManager+Video.swift */; };
		A0C03C1A2331D426005F742C /* Ex+UITableView.swift in Sources */ = {isa = PBXBuildFile; fileRef = A0C03C182331D426005F742C /* Ex+UITableView.swift */; };
		A0C03C1B2331D426005F742C /* Ex+UIColor.swift in Sources */ = {isa = PBXBuildFile; fileRef = A0C03C192331D426005F742C /* Ex+UIColor.swift */; };
		A0C03C1D233208D8005F742C /* MenuDropDownPresentationController.swift in Sources */ = {isa = PBXBuildFile; fileRef = A0C03C1C233208D8005F742C /* MenuDropDownPresentationController.swift */; };
		A0C03C1F23322B26005F742C /* Ex+UIDevice.swift in Sources */ = {isa = PBXBuildFile; fileRef = A0C03C1E23322B26005F742C /* Ex+UIDevice.swift */; };
		A0F4753E232F7DFA00BB117B /* Asset.swift in Sources */ = {isa = PBXBuildFile; fileRef = A0F4753D232F7DFA00BB117B /* Asset.swift */; };
		A0F47540232F89C600BB117B /* AlbumPickerViewController.swift in Sources */ = {isa = PBXBuildFile; fileRef = A0F4753F232F89C600BB117B /* AlbumPickerViewController.swift */; };
		A0F475422330736200BB117B /* Ex+PHAssetCollection.swift in Sources */ = {isa = PBXBuildFile; fileRef = A0F475412330736200BB117B /* Ex+PHAssetCollection.swift */; };
		A52EF7892339B7E700AEE4F7 /* ImagePickerController+Config.swift in Sources */ = {isa = PBXBuildFile; fileRef = A52EF7882339B7E700AEE4F7 /* ImagePickerController+Config.swift */; };
		A531105723544C0D00D457A8 /* LoadingiCloudView.swift in Sources */ = {isa = PBXBuildFile; fileRef = A531105623544C0D00D457A8 /* LoadingiCloudView.swift */; };
		A5325EA52331C14F00ADA116 /* ArrowButton.swift in Sources */ = {isa = PBXBuildFile; fileRef = A5325EA42331C14F00ADA116 /* ArrowButton.swift */; };
		A5325EA72331D78D00ADA116 /* PhotoEditViewController.swift in Sources */ = {isa = PBXBuildFile; fileRef = A5325EA62331D78D00ADA116 /* PhotoEditViewController.swift */; };
		A5601D3A233B0F6200D0E95E /* SnapKit in Frameworks */ = {isa = PBXBuildFile; productRef = A5601D39233B0F6200D0E95E /* SnapKit */; };
		A5601D51233B3FC400D0E95E /* StatusBarHelper.swift in Sources */ = {isa = PBXBuildFile; fileRef = A5601D50233B3FC400D0E95E /* StatusBarHelper.swift */; };
		A56A3C7823306CB700EBFC48 /* PhotoPreviewController.swift in Sources */ = {isa = PBXBuildFile; fileRef = A56A3C7723306CB700EBFC48 /* PhotoPreviewController.swift */; };
		A56A3C7B2330747A00EBFC48 /* ScalePresentationController.swift in Sources */ = {isa = PBXBuildFile; fileRef = A56A3C7A2330747A00EBFC48 /* ScalePresentationController.swift */; };
		A56A3C7E233075D500EBFC48 /* PhotoPreviewControllerDelegate.swift in Sources */ = {isa = PBXBuildFile; fileRef = A56A3C7D233075D500EBFC48 /* PhotoPreviewControllerDelegate.swift */; };
		A56A3C8123307F7D00EBFC48 /* PhotoPreviewCell.swift in Sources */ = {isa = PBXBuildFile; fileRef = A56A3C8023307F7D00EBFC48 /* PhotoPreviewCell.swift */; };
		A56A3C8323307F8A00EBFC48 /* VideoPreviewCell.swift in Sources */ = {isa = PBXBuildFile; fileRef = A56A3C8223307F8A00EBFC48 /* VideoPreviewCell.swift */; };
		A56A3C85233087D300EBFC48 /* Ex+UICollectionView.swift in Sources */ = {isa = PBXBuildFile; fileRef = A56A3C84233087D300EBFC48 /* Ex+UICollectionView.swift */; };
		A56A3C882330A44B00EBFC48 /* ScaleAnimator.swift in Sources */ = {isa = PBXBuildFile; fileRef = A56A3C872330A44B00EBFC48 /* ScaleAnimator.swift */; };
		A56A3C8C2330BCA100EBFC48 /* PhotoPreviewNavigationBar.swift in Sources */ = {isa = PBXBuildFile; fileRef = A56A3C8B2330BCA100EBFC48 /* PhotoPreviewNavigationBar.swift */; };
		A56A3C8E2330BCB000EBFC48 /* PhotoToolBar.swift in Sources */ = {isa = PBXBuildFile; fileRef = A56A3C8D2330BCB000EBFC48 /* PhotoToolBar.swift */; };
		A58E148D233372D800ACE099 /* VideoView.swift in Sources */ = {isa = PBXBuildFile; fileRef = A58E148C233372D800ACE099 /* VideoView.swift */; };
		A59332602338ADBA003CE652 /* AnimatableImageView.swift in Sources */ = {isa = PBXBuildFile; fileRef = A593325F2338ADBA003CE652 /* AnimatableImageView.swift */; };
		A59332622338AED8003CE652 /* AnimatedImage.swift in Sources */ = {isa = PBXBuildFile; fileRef = A59332612338AED8003CE652 /* AnimatedImage.swift */; };
		A5A27BA9232F82AE00D966B8 /* AppDelegate.swift in Sources */ = {isa = PBXBuildFile; fileRef = A5A27BA8232F82AE00D966B8 /* AppDelegate.swift */; };
		A5A27BAD232F82AE00D966B8 /* ViewController.swift in Sources */ = {isa = PBXBuildFile; fileRef = A5A27BAC232F82AE00D966B8 /* ViewController.swift */; };
		A5A27BB0232F82AE00D966B8 /* Main.storyboard in Resources */ = {isa = PBXBuildFile; fileRef = A5A27BAE232F82AE00D966B8 /* Main.storyboard */; };
		A5A27BB2232F82B000D966B8 /* Assets.xcassets in Resources */ = {isa = PBXBuildFile; fileRef = A5A27BB1232F82B000D966B8 /* Assets.xcassets */; };
		A5A27BB5232F82B000D966B8 /* LaunchScreen.storyboard in Resources */ = {isa = PBXBuildFile; fileRef = A5A27BB3232F82B000D966B8 /* LaunchScreen.storyboard */; };
		A5A27BBD232F83DE00D966B8 /* NumberCircleButton.swift in Sources */ = {isa = PBXBuildFile; fileRef = A5A27BBB232F83DE00D966B8 /* NumberCircleButton.swift */; };
		A5A27BBE232F83DE00D966B8 /* OriginalButton.swift in Sources */ = {isa = PBXBuildFile; fileRef = A5A27BBC232F83DE00D966B8 /* OriginalButton.swift */; };
		A5A27BC3232F840900D966B8 /* Asset.xcassets in Resources */ = {isa = PBXBuildFile; fileRef = A5A27BC2232F840900D966B8 /* Asset.xcassets */; };
		A5A27BC6232F874500D966B8 /* Localizable.strings in Resources */ = {isa = PBXBuildFile; fileRef = A5A27BC8232F874500D966B8 /* Localizable.strings */; };
		A5A27BCB232F884F00D966B8 /* BundleHelper.swift in Sources */ = {isa = PBXBuildFile; fileRef = A5A27BCA232F884F00D966B8 /* BundleHelper.swift */; };
		A5A27BCC232F88E900D966B8 /* AnyImagePicker.framework in Frameworks */ = {isa = PBXBuildFile; fileRef = A099CC60232F3BF70023CC3D /* AnyImagePicker.framework */; };
		A5A27BCD232F88E900D966B8 /* AnyImagePicker.framework in Embed Frameworks */ = {isa = PBXBuildFile; fileRef = A099CC60232F3BF70023CC3D /* AnyImagePicker.framework */; settings = {ATTRIBUTES = (CodeSignOnCopy, RemoveHeadersOnCopy, ); }; };
		A5ACBFA32341969D00DFEE32 /* PermissionDeniedView.swift in Sources */ = {isa = PBXBuildFile; fileRef = A5ACBFA22341969D00DFEE32 /* PermissionDeniedView.swift */; };
		A5CC86C123349D4B00BCB372 /* PhotoPreviewIndexView.swift in Sources */ = {isa = PBXBuildFile; fileRef = A5CC86C023349D4B00BCB372 /* PhotoPreviewIndexView.swift */; };
		A5CEB00D233DAF4700C67706 /* PhotoGIFPreviewCell.swift in Sources */ = {isa = PBXBuildFile; fileRef = A5CEB00C233DAF4700C67706 /* PhotoGIFPreviewCell.swift */; };
		A5D4FDA6233DFC4E00A0B138 /* PreviewCell.swift in Sources */ = {isa = PBXBuildFile; fileRef = A5D4FDA5233DFC4E00A0B138 /* PreviewCell.swift */; };
/* End PBXBuildFile section */

/* Begin PBXContainerItemProxy section */
		A099CC6B232F3BF70023CC3D /* PBXContainerItemProxy */ = {
			isa = PBXContainerItemProxy;
			containerPortal = A099CC57232F3BF70023CC3D /* Project object */;
			proxyType = 1;
			remoteGlobalIDString = A099CC5F232F3BF70023CC3D;
			remoteInfo = AnyImagePicker;
		};
		A5A27BCE232F88E900D966B8 /* PBXContainerItemProxy */ = {
			isa = PBXContainerItemProxy;
			containerPortal = A099CC57232F3BF70023CC3D /* Project object */;
			proxyType = 1;
			remoteGlobalIDString = A099CC5F232F3BF70023CC3D;
			remoteInfo = AnyImagePicker;
		};
/* End PBXContainerItemProxy section */

/* Begin PBXCopyFilesBuildPhase section */
		A5A27BD0232F88E900D966B8 /* Embed Frameworks */ = {
			isa = PBXCopyFilesBuildPhase;
			buildActionMask = 2147483647;
			dstPath = "";
			dstSubfolderSpec = 10;
			files = (
				A5A27BCD232F88E900D966B8 /* AnyImagePicker.framework in Embed Frameworks */,
			);
			name = "Embed Frameworks";
			runOnlyForDeploymentPostprocessing = 0;
		};
/* End PBXCopyFilesBuildPhase section */

/* Begin PBXFileReference section */
		A00869BC233C987600237651 /* AssociatedObject.swift */ = {isa = PBXFileReference; lastKnownFileType = sourcecode.swift; path = AssociatedObject.swift; sourceTree = "<group>"; };
		A029D04E233084B600BC6720 /* Cartfile */ = {isa = PBXFileReference; lastKnownFileType = text; path = Cartfile; sourceTree = "<group>"; };
		A036C3912330B5D000D32ED8 /* AlbumCell.swift */ = {isa = PBXFileReference; fileEncoding = 4; lastKnownFileType = sourcecode.swift; path = AlbumCell.swift; sourceTree = "<group>"; };
		A036C3922330B5D000D32ED8 /* AssetCell.swift */ = {isa = PBXFileReference; fileEncoding = 4; lastKnownFileType = sourcecode.swift; path = AssetCell.swift; sourceTree = "<group>"; };
		A036C3952330B5EE00D32ED8 /* Ex+UITableView.swift */ = {isa = PBXFileReference; lastKnownFileType = sourcecode.swift; path = "Ex+UITableView.swift"; sourceTree = "<group>"; };
		A036C3972330E5F300D32ED8 /* Ex+UIImage.swift */ = {isa = PBXFileReference; lastKnownFileType = sourcecode.swift; path = "Ex+UIImage.swift"; sourceTree = "<group>"; };
		A05C8DA0233DEBFC005B0F3C /* PhotoManager+PhotoData.swift */ = {isa = PBXFileReference; lastKnownFileType = sourcecode.swift; path = "PhotoManager+PhotoData.swift"; sourceTree = "<group>"; };
		A05C8DA2233DEFD7005B0F3C /* PhotoManager+Photo.swift */ = {isa = PBXFileReference; lastKnownFileType = sourcecode.swift; path = "PhotoManager+Photo.swift"; sourceTree = "<group>"; };
		A05C8DA4233DFA28005B0F3C /* PhotoManager+PhotoGIF.swift */ = {isa = PBXFileReference; lastKnownFileType = sourcecode.swift; path = "PhotoManager+PhotoGIF.swift"; sourceTree = "<group>"; };
		A05C8DA6233DFC71005B0F3C /* PhotoManager+Album.swift */ = {isa = PBXFileReference; lastKnownFileType = sourcecode.swift; path = "PhotoManager+Album.swift"; sourceTree = "<group>"; };
		A05C8DA8233DFCD2005B0F3C /* ImagePickerError.swift */ = {isa = PBXFileReference; lastKnownFileType = sourcecode.swift; path = ImagePickerError.swift; sourceTree = "<group>"; };
		A05C8DAA233E0F56005B0F3C /* MediaType.swift */ = {isa = PBXFileReference; lastKnownFileType = sourcecode.swift; path = MediaType.swift; sourceTree = "<group>"; };
		A0604E7023307ABD00D9AA01 /* Ex+PHFetchResult.swift */ = {isa = PBXFileReference; lastKnownFileType = sourcecode.swift; path = "Ex+PHFetchResult.swift"; sourceTree = "<group>"; };
		A07D8793233CA257000108C7 /* Ex+CGImagePropertyOrientation.swift */ = {isa = PBXFileReference; lastKnownFileType = sourcecode.swift; path = "Ex+CGImagePropertyOrientation.swift"; sourceTree = "<group>"; };
		A07D8795233DA2B8000108C7 /* Ex+PHAsset.swift */ = {isa = PBXFileReference; lastKnownFileType = sourcecode.swift; path = "Ex+PHAsset.swift"; sourceTree = "<group>"; };
		A080040E232F4EC8006B4711 /* README.md */ = {isa = PBXFileReference; lastKnownFileType = net.daringfireball.markdown; path = README.md; sourceTree = "<group>"; };
		A080040F232F4EC8006B4711 /* LICENSE */ = {isa = PBXFileReference; lastKnownFileType = text; path = LICENSE; sourceTree = "<group>"; };
		A0800410232F4EE4006B4711 /* ImagePickerController.swift */ = {isa = PBXFileReference; lastKnownFileType = sourcecode.swift; path = ImagePickerController.swift; sourceTree = "<group>"; };
		A0800412232F5B44006B4711 /* AssetPickerViewController.swift */ = {isa = PBXFileReference; lastKnownFileType = sourcecode.swift; path = AssetPickerViewController.swift; sourceTree = "<group>"; };
		A0800414232F5F7A006B4711 /* PhotoManager.swift */ = {isa = PBXFileReference; lastKnownFileType = sourcecode.swift; path = PhotoManager.swift; sourceTree = "<group>"; };
		A099CC60232F3BF70023CC3D /* AnyImagePicker.framework */ = {isa = PBXFileReference; explicitFileType = wrapper.framework; includeInIndex = 0; path = AnyImagePicker.framework; sourceTree = BUILT_PRODUCTS_DIR; };
		A099CC63232F3BF70023CC3D /* AnyImagePicker.h */ = {isa = PBXFileReference; lastKnownFileType = sourcecode.c.h; path = AnyImagePicker.h; sourceTree = "<group>"; };
		A099CC64232F3BF70023CC3D /* Info.plist */ = {isa = PBXFileReference; lastKnownFileType = text.plist.xml; path = Info.plist; sourceTree = "<group>"; };
		A099CC69232F3BF70023CC3D /* AnyImagePickerTests.xctest */ = {isa = PBXFileReference; explicitFileType = wrapper.cfbundle; includeInIndex = 0; path = AnyImagePickerTests.xctest; sourceTree = BUILT_PRODUCTS_DIR; };
		A099CC6E232F3BF70023CC3D /* AnyImagePickerTests.swift */ = {isa = PBXFileReference; lastKnownFileType = sourcecode.swift; path = AnyImagePickerTests.swift; sourceTree = "<group>"; };
		A099CC70232F3BF70023CC3D /* Info.plist */ = {isa = PBXFileReference; lastKnownFileType = text.plist.xml; path = Info.plist; sourceTree = "<group>"; };
		A09FFE6023404923000DEF87 /* PhotoManager+Video.swift */ = {isa = PBXFileReference; lastKnownFileType = sourcecode.swift; path = "PhotoManager+Video.swift"; sourceTree = "<group>"; };
		A0C03C182331D426005F742C /* Ex+UITableView.swift */ = {isa = PBXFileReference; fileEncoding = 4; lastKnownFileType = sourcecode.swift; path = "Ex+UITableView.swift"; sourceTree = "<group>"; };
		A0C03C192331D426005F742C /* Ex+UIColor.swift */ = {isa = PBXFileReference; fileEncoding = 4; lastKnownFileType = sourcecode.swift; path = "Ex+UIColor.swift"; sourceTree = "<group>"; };
		A0C03C1C233208D8005F742C /* MenuDropDownPresentationController.swift */ = {isa = PBXFileReference; lastKnownFileType = sourcecode.swift; path = MenuDropDownPresentationController.swift; sourceTree = "<group>"; };
		A0C03C1E23322B26005F742C /* Ex+UIDevice.swift */ = {isa = PBXFileReference; lastKnownFileType = sourcecode.swift; path = "Ex+UIDevice.swift"; sourceTree = "<group>"; };
		A0DBD4ED2334A14600121FC0 /* en */ = {isa = PBXFileReference; lastKnownFileType = file.storyboard; name = en; path = en.lproj/Main.storyboard; sourceTree = "<group>"; };
		A0DBD4EE2334A14600121FC0 /* en */ = {isa = PBXFileReference; lastKnownFileType = file.storyboard; name = en; path = en.lproj/LaunchScreen.storyboard; sourceTree = "<group>"; };
		A0DBD4EF2334A1FA00121FC0 /* zh-Hans */ = {isa = PBXFileReference; lastKnownFileType = file.storyboard; name = "zh-Hans"; path = "zh-Hans.lproj/Main.storyboard"; sourceTree = "<group>"; };
		A0DBD4F02334A1FA00121FC0 /* zh-Hans */ = {isa = PBXFileReference; lastKnownFileType = file.storyboard; name = "zh-Hans"; path = "zh-Hans.lproj/LaunchScreen.storyboard"; sourceTree = "<group>"; };
		A0DBD4F12334A20700121FC0 /* zh-Hans */ = {isa = PBXFileReference; lastKnownFileType = text.plist.strings; name = "zh-Hans"; path = "zh-Hans.lproj/Localizable.strings"; sourceTree = "<group>"; };
		A0F4753B232F7DE500BB117B /* Album.swift */ = {isa = PBXFileReference; lastKnownFileType = sourcecode.swift; path = Album.swift; sourceTree = "<group>"; };
		A0F4753D232F7DFA00BB117B /* Asset.swift */ = {isa = PBXFileReference; lastKnownFileType = sourcecode.swift; path = Asset.swift; sourceTree = "<group>"; };
		A0F4753F232F89C600BB117B /* AlbumPickerViewController.swift */ = {isa = PBXFileReference; lastKnownFileType = sourcecode.swift; path = AlbumPickerViewController.swift; sourceTree = "<group>"; };
		A0F475412330736200BB117B /* Ex+PHAssetCollection.swift */ = {isa = PBXFileReference; lastKnownFileType = sourcecode.swift; path = "Ex+PHAssetCollection.swift"; sourceTree = "<group>"; };
		A52EF7882339B7E700AEE4F7 /* ImagePickerController+Config.swift */ = {isa = PBXFileReference; lastKnownFileType = sourcecode.swift; path = "ImagePickerController+Config.swift"; sourceTree = "<group>"; };
		A531105623544C0D00D457A8 /* LoadingiCloudView.swift */ = {isa = PBXFileReference; lastKnownFileType = sourcecode.swift; path = LoadingiCloudView.swift; sourceTree = "<group>"; };
		A5325EA42331C14F00ADA116 /* ArrowButton.swift */ = {isa = PBXFileReference; lastKnownFileType = sourcecode.swift; path = ArrowButton.swift; sourceTree = "<group>"; };
		A5325EA62331D78D00ADA116 /* PhotoEditViewController.swift */ = {isa = PBXFileReference; lastKnownFileType = sourcecode.swift; path = PhotoEditViewController.swift; sourceTree = "<group>"; };
		A5601D4F233B0FE500D0E95E /* Example.entitlements */ = {isa = PBXFileReference; lastKnownFileType = text.plist.entitlements; path = Example.entitlements; sourceTree = "<group>"; };
		A5601D50233B3FC400D0E95E /* StatusBarHelper.swift */ = {isa = PBXFileReference; lastKnownFileType = sourcecode.swift; path = StatusBarHelper.swift; sourceTree = "<group>"; };
		A56A3C7723306CB700EBFC48 /* PhotoPreviewController.swift */ = {isa = PBXFileReference; lastKnownFileType = sourcecode.swift; path = PhotoPreviewController.swift; sourceTree = "<group>"; };
		A56A3C7A2330747A00EBFC48 /* ScalePresentationController.swift */ = {isa = PBXFileReference; lastKnownFileType = sourcecode.swift; path = ScalePresentationController.swift; sourceTree = "<group>"; };
		A56A3C7D233075D500EBFC48 /* PhotoPreviewControllerDelegate.swift */ = {isa = PBXFileReference; lastKnownFileType = sourcecode.swift; path = PhotoPreviewControllerDelegate.swift; sourceTree = "<group>"; };
		A56A3C8023307F7D00EBFC48 /* PhotoPreviewCell.swift */ = {isa = PBXFileReference; lastKnownFileType = sourcecode.swift; path = PhotoPreviewCell.swift; sourceTree = "<group>"; };
		A56A3C8223307F8A00EBFC48 /* VideoPreviewCell.swift */ = {isa = PBXFileReference; lastKnownFileType = sourcecode.swift; path = VideoPreviewCell.swift; sourceTree = "<group>"; };
		A56A3C84233087D300EBFC48 /* Ex+UICollectionView.swift */ = {isa = PBXFileReference; lastKnownFileType = sourcecode.swift; path = "Ex+UICollectionView.swift"; sourceTree = "<group>"; };
		A56A3C872330A44B00EBFC48 /* ScaleAnimator.swift */ = {isa = PBXFileReference; lastKnownFileType = sourcecode.swift; path = ScaleAnimator.swift; sourceTree = "<group>"; };
		A56A3C8B2330BCA100EBFC48 /* PhotoPreviewNavigationBar.swift */ = {isa = PBXFileReference; lastKnownFileType = sourcecode.swift; path = PhotoPreviewNavigationBar.swift; sourceTree = "<group>"; };
		A56A3C8D2330BCB000EBFC48 /* PhotoToolBar.swift */ = {isa = PBXFileReference; lastKnownFileType = sourcecode.swift; path = PhotoToolBar.swift; sourceTree = "<group>"; };
		A56A3C8F2330BCF700EBFC48 /* Ex+UIColor.swift */ = {isa = PBXFileReference; lastKnownFileType = sourcecode.swift; path = "Ex+UIColor.swift"; sourceTree = "<group>"; };
		A57AB3E02330D5CE00EF344B /* Ex+UITableView.swift */ = {isa = PBXFileReference; fileEncoding = 4; lastKnownFileType = sourcecode.swift; path = "Ex+UITableView.swift"; sourceTree = "<group>"; };
		A58E148C233372D800ACE099 /* VideoView.swift */ = {isa = PBXFileReference; lastKnownFileType = sourcecode.swift; path = VideoView.swift; sourceTree = "<group>"; };
		A593325F2338ADBA003CE652 /* AnimatableImageView.swift */ = {isa = PBXFileReference; lastKnownFileType = sourcecode.swift; path = AnimatableImageView.swift; sourceTree = "<group>"; };
		A59332612338AED8003CE652 /* AnimatedImage.swift */ = {isa = PBXFileReference; lastKnownFileType = sourcecode.swift; path = AnimatedImage.swift; sourceTree = "<group>"; };
		A5A27B9E232F81CF00D966B8 /* SnapKit.framework */ = {isa = PBXFileReference; lastKnownFileType = wrapper.framework; name = SnapKit.framework; path = Carthage/Build/iOS/SnapKit.framework; sourceTree = "<group>"; };
		A5A27BA6232F82AE00D966B8 /* Example.app */ = {isa = PBXFileReference; explicitFileType = wrapper.application; includeInIndex = 0; path = Example.app; sourceTree = BUILT_PRODUCTS_DIR; };
		A5A27BA8232F82AE00D966B8 /* AppDelegate.swift */ = {isa = PBXFileReference; lastKnownFileType = sourcecode.swift; path = AppDelegate.swift; sourceTree = "<group>"; };
		A5A27BAC232F82AE00D966B8 /* ViewController.swift */ = {isa = PBXFileReference; lastKnownFileType = sourcecode.swift; path = ViewController.swift; sourceTree = "<group>"; };
		A5A27BB1232F82B000D966B8 /* Assets.xcassets */ = {isa = PBXFileReference; lastKnownFileType = folder.assetcatalog; path = Assets.xcassets; sourceTree = "<group>"; };
		A5A27BB6232F82B000D966B8 /* Info.plist */ = {isa = PBXFileReference; lastKnownFileType = text.plist.xml; path = Info.plist; sourceTree = "<group>"; };
		A5A27BBB232F83DE00D966B8 /* NumberCircleButton.swift */ = {isa = PBXFileReference; fileEncoding = 4; lastKnownFileType = sourcecode.swift; path = NumberCircleButton.swift; sourceTree = "<group>"; };
		A5A27BBC232F83DE00D966B8 /* OriginalButton.swift */ = {isa = PBXFileReference; fileEncoding = 4; lastKnownFileType = sourcecode.swift; path = OriginalButton.swift; sourceTree = "<group>"; };
		A5A27BC2232F840900D966B8 /* Asset.xcassets */ = {isa = PBXFileReference; lastKnownFileType = folder.assetcatalog; path = Asset.xcassets; sourceTree = "<group>"; };
		A5A27BC7232F874500D966B8 /* en */ = {isa = PBXFileReference; lastKnownFileType = text.plist.strings; name = en; path = en.lproj/Localizable.strings; sourceTree = "<group>"; };
		A5A27BCA232F884F00D966B8 /* BundleHelper.swift */ = {isa = PBXFileReference; lastKnownFileType = sourcecode.swift; path = BundleHelper.swift; sourceTree = "<group>"; };
		A5ACBFA22341969D00DFEE32 /* PermissionDeniedView.swift */ = {isa = PBXFileReference; lastKnownFileType = sourcecode.swift; path = PermissionDeniedView.swift; sourceTree = "<group>"; };
		A5CC86C023349D4B00BCB372 /* PhotoPreviewIndexView.swift */ = {isa = PBXFileReference; lastKnownFileType = sourcecode.swift; path = PhotoPreviewIndexView.swift; sourceTree = "<group>"; };
		A5CEB00C233DAF4700C67706 /* PhotoGIFPreviewCell.swift */ = {isa = PBXFileReference; lastKnownFileType = sourcecode.swift; path = PhotoGIFPreviewCell.swift; sourceTree = "<group>"; };
		A5D4FDA5233DFC4E00A0B138 /* PreviewCell.swift */ = {isa = PBXFileReference; lastKnownFileType = sourcecode.swift; path = PreviewCell.swift; sourceTree = "<group>"; };
/* End PBXFileReference section */

/* Begin PBXFrameworksBuildPhase section */
		A099CC5D232F3BF70023CC3D /* Frameworks */ = {
			isa = PBXFrameworksBuildPhase;
			buildActionMask = 2147483647;
			files = (
				A5601D3A233B0F6200D0E95E /* SnapKit in Frameworks */,
			);
			runOnlyForDeploymentPostprocessing = 0;
		};
		A099CC66232F3BF70023CC3D /* Frameworks */ = {
			isa = PBXFrameworksBuildPhase;
			buildActionMask = 2147483647;
			files = (
				A099CC6A232F3BF70023CC3D /* AnyImagePicker.framework in Frameworks */,
			);
			runOnlyForDeploymentPostprocessing = 0;
		};
		A5A27BA3232F82AE00D966B8 /* Frameworks */ = {
			isa = PBXFrameworksBuildPhase;
			buildActionMask = 2147483647;
			files = (
				A5A27BCC232F88E900D966B8 /* AnyImagePicker.framework in Frameworks */,
			);
			runOnlyForDeploymentPostprocessing = 0;
		};
/* End PBXFrameworksBuildPhase section */

/* Begin PBXGroup section */
		A0800416232F5F7F006B4711 /* Extension */ = {
			isa = PBXGroup;
			children = (
				A07D8795233DA2B8000108C7 /* Ex+PHAsset.swift */,
				A0F475412330736200BB117B /* Ex+PHAssetCollection.swift */,
				A0604E7023307ABD00D9AA01 /* Ex+PHFetchResult.swift */,
				A56A3C84233087D300EBFC48 /* Ex+UICollectionView.swift */,
				A0C03C182331D426005F742C /* Ex+UITableView.swift */,
				A036C3972330E5F300D32ED8 /* Ex+UIImage.swift */,
				A07D8793233CA257000108C7 /* Ex+CGImagePropertyOrientation.swift */,
				A0C03C192331D426005F742C /* Ex+UIColor.swift */,
				A0C03C1E23322B26005F742C /* Ex+UIDevice.swift */,
			);
			path = Extension;
			sourceTree = "<group>";
		};
		A0800417232F5F87006B4711 /* Util */ = {
			isa = PBXGroup;
			children = (
				A0800414232F5F7A006B4711 /* PhotoManager.swift */,
				A05C8DA6233DFC71005B0F3C /* PhotoManager+Album.swift */,
				A05C8DA2233DEFD7005B0F3C /* PhotoManager+Photo.swift */,
				A05C8DA4233DFA28005B0F3C /* PhotoManager+PhotoGIF.swift */,
				A05C8DA0233DEBFC005B0F3C /* PhotoManager+PhotoData.swift */,
				A09FFE6023404923000DEF87 /* PhotoManager+Video.swift */,
				A5A27BCA232F884F00D966B8 /* BundleHelper.swift */,
				A5601D50233B3FC400D0E95E /* StatusBarHelper.swift */,
				A00869BC233C987600237651 /* AssociatedObject.swift */,
				A59332612338AED8003CE652 /* AnimatedImage.swift */,
			);
			path = Util;
			sourceTree = "<group>";
		};
		A0800418232F5F90006B4711 /* Core */ = {
			isa = PBXGroup;
			children = (
				A0800410232F4EE4006B4711 /* ImagePickerController.swift */,
				A52EF7882339B7E700AEE4F7 /* ImagePickerController+Config.swift */,
				A0F4753F232F89C600BB117B /* AlbumPickerViewController.swift */,
				A0800412232F5B44006B4711 /* AssetPickerViewController.swift */,
				A56A3C7723306CB700EBFC48 /* PhotoPreviewController.swift */,
				A5325EA62331D78D00ADA116 /* PhotoEditViewController.swift */,
			);
			path = Core;
			sourceTree = "<group>";
		};
		A099CC56232F3BF70023CC3D = {
			isa = PBXGroup;
			children = (
				A080040F232F4EC8006B4711 /* LICENSE */,
				A080040E232F4EC8006B4711 /* README.md */,
				A029D04E233084B600BC6720 /* Cartfile */,
				A099CC62232F3BF70023CC3D /* Sources */,
				A099CC6D232F3BF70023CC3D /* Tests */,
				A5A27BA7232F82AE00D966B8 /* Example */,
				A099CC61232F3BF70023CC3D /* Products */,
				A5A27B9D232F81CF00D966B8 /* Frameworks */,
				A58FB1A22330D4C200208F67 /* Recovered References */,
			);
			sourceTree = "<group>";
		};
		A099CC61232F3BF70023CC3D /* Products */ = {
			isa = PBXGroup;
			children = (
				A099CC60232F3BF70023CC3D /* AnyImagePicker.framework */,
				A099CC69232F3BF70023CC3D /* AnyImagePickerTests.xctest */,
				A5A27BA6232F82AE00D966B8 /* Example.app */,
			);
			name = Products;
			sourceTree = "<group>";
		};
		A099CC62232F3BF70023CC3D /* Sources */ = {
			isa = PBXGroup;
			children = (
				A099CC63232F3BF70023CC3D /* AnyImagePicker.h */,
				A099CC64232F3BF70023CC3D /* Info.plist */,
				A0800418232F5F90006B4711 /* Core */,
				A5A27BBA232F83C900D966B8 /* View */,
				A0F4753A232F7DDB00BB117B /* Model */,
				A56A3C7C233075C300EBFC48 /* Protocol */,
				A0800417232F5F87006B4711 /* Util */,
				A0800416232F5F7F006B4711 /* Extension */,
				A56A3C862330A43B00EBFC48 /* Animation */,
				A5A27BBF232F83E700D966B8 /* Resources */,
				A56A3C792330746A00EBFC48 /* Presentation */,
			);
			path = Sources;
			sourceTree = "<group>";
		};
		A099CC6D232F3BF70023CC3D /* Tests */ = {
			isa = PBXGroup;
			children = (
				A099CC6E232F3BF70023CC3D /* AnyImagePickerTests.swift */,
				A099CC70232F3BF70023CC3D /* Info.plist */,
			);
			path = Tests;
			sourceTree = "<group>";
		};
		A0F4753A232F7DDB00BB117B /* Model */ = {
			isa = PBXGroup;
			children = (
				A0F4753B232F7DE500BB117B /* Album.swift */,
				A0F4753D232F7DFA00BB117B /* Asset.swift */,
				A05C8DAA233E0F56005B0F3C /* MediaType.swift */,
				A05C8DA8233DFCD2005B0F3C /* ImagePickerError.swift */,
			);
			path = Model;
			sourceTree = "<group>";
		};
		A5325EA32331C09900ADA116 /* Kit */ = {
			isa = PBXGroup;
			children = (
				A5A27BBB232F83DE00D966B8 /* NumberCircleButton.swift */,
				A5A27BBC232F83DE00D966B8 /* OriginalButton.swift */,
				A5325EA42331C14F00ADA116 /* ArrowButton.swift */,
				A58E148C233372D800ACE099 /* VideoView.swift */,
				A531105623544C0D00D457A8 /* LoadingiCloudView.swift */,
			);
			path = Kit;
			sourceTree = "<group>";
		};
		A56A3C792330746A00EBFC48 /* Presentation */ = {
			isa = PBXGroup;
			children = (
				A0C03C1C233208D8005F742C /* MenuDropDownPresentationController.swift */,
				A56A3C7A2330747A00EBFC48 /* ScalePresentationController.swift */,
			);
			path = Presentation;
			sourceTree = "<group>";
		};
		A56A3C7C233075C300EBFC48 /* Protocol */ = {
			isa = PBXGroup;
			children = (
				A56A3C7D233075D500EBFC48 /* PhotoPreviewControllerDelegate.swift */,
			);
			path = Protocol;
			sourceTree = "<group>";
		};
		A56A3C7F23307C9C00EBFC48 /* Cell */ = {
			isa = PBXGroup;
			children = (
				A5D4FDA5233DFC4E00A0B138 /* PreviewCell.swift */,
				A56A3C8023307F7D00EBFC48 /* PhotoPreviewCell.swift */,
				A5CEB00C233DAF4700C67706 /* PhotoGIFPreviewCell.swift */,
				A56A3C8223307F8A00EBFC48 /* VideoPreviewCell.swift */,
				A036C3912330B5D000D32ED8 /* AlbumCell.swift */,
				A036C3922330B5D000D32ED8 /* AssetCell.swift */,
			);
			path = Cell;
			sourceTree = "<group>";
		};
		A56A3C862330A43B00EBFC48 /* Animation */ = {
			isa = PBXGroup;
			children = (
				A56A3C872330A44B00EBFC48 /* ScaleAnimator.swift */,
			);
			path = Animation;
			sourceTree = "<group>";
		};
		A58FB1A22330D4C200208F67 /* Recovered References */ = {
			isa = PBXGroup;
			children = (
				A036C3952330B5EE00D32ED8 /* Ex+UITableView.swift */,
				A56A3C8F2330BCF700EBFC48 /* Ex+UIColor.swift */,
				A57AB3E02330D5CE00EF344B /* Ex+UITableView.swift */,
			);
			name = "Recovered References";
			sourceTree = "<group>";
		};
		A5A27B9D232F81CF00D966B8 /* Frameworks */ = {
			isa = PBXGroup;
			children = (
				A5A27B9E232F81CF00D966B8 /* SnapKit.framework */,
			);
			name = Frameworks;
			sourceTree = "<group>";
		};
		A5A27BA7232F82AE00D966B8 /* Example */ = {
			isa = PBXGroup;
			children = (
				A5601D4F233B0FE500D0E95E /* Example.entitlements */,
				A5A27BA8232F82AE00D966B8 /* AppDelegate.swift */,
				A5A27BAC232F82AE00D966B8 /* ViewController.swift */,
				A5A27BAE232F82AE00D966B8 /* Main.storyboard */,
				A5A27BB1232F82B000D966B8 /* Assets.xcassets */,
				A5A27BB3232F82B000D966B8 /* LaunchScreen.storyboard */,
				A5A27BB6232F82B000D966B8 /* Info.plist */,
			);
			path = Example;
			sourceTree = "<group>";
		};
		A5A27BBA232F83C900D966B8 /* View */ = {
			isa = PBXGroup;
			children = (
				A56A3C8D2330BCB000EBFC48 /* PhotoToolBar.swift */,
				A56A3C8B2330BCA100EBFC48 /* PhotoPreviewNavigationBar.swift */,
				A5CC86C023349D4B00BCB372 /* PhotoPreviewIndexView.swift */,
				A593325F2338ADBA003CE652 /* AnimatableImageView.swift */,
				A5ACBFA22341969D00DFEE32 /* PermissionDeniedView.swift */,
				A56A3C7F23307C9C00EBFC48 /* Cell */,
				A5325EA32331C09900ADA116 /* Kit */,
			);
			path = View;
			sourceTree = "<group>";
		};
		A5A27BBF232F83E700D966B8 /* Resources */ = {
			isa = PBXGroup;
			children = (
				A5A27BC2232F840900D966B8 /* Asset.xcassets */,
				A5A27BC8232F874500D966B8 /* Localizable.strings */,
			);
			path = Resources;
			sourceTree = "<group>";
		};
/* End PBXGroup section */

/* Begin PBXHeadersBuildPhase section */
		A099CC5B232F3BF70023CC3D /* Headers */ = {
			isa = PBXHeadersBuildPhase;
			buildActionMask = 2147483647;
			files = (
				A099CC71232F3BF70023CC3D /* AnyImagePicker.h in Headers */,
			);
			runOnlyForDeploymentPostprocessing = 0;
		};
/* End PBXHeadersBuildPhase section */

/* Begin PBXNativeTarget section */
		A099CC5F232F3BF70023CC3D /* AnyImagePicker */ = {
			isa = PBXNativeTarget;
			buildConfigurationList = A099CC74232F3BF70023CC3D /* Build configuration list for PBXNativeTarget "AnyImagePicker" */;
			buildPhases = (
				A099CC5B232F3BF70023CC3D /* Headers */,
				A099CC5C232F3BF70023CC3D /* Sources */,
				A099CC5D232F3BF70023CC3D /* Frameworks */,
				A099CC5E232F3BF70023CC3D /* Resources */,
			);
			buildRules = (
			);
			dependencies = (
			);
			name = AnyImagePicker;
			packageProductDependencies = (
				A5601D39233B0F6200D0E95E /* SnapKit */,
			);
			productName = AnyImagePicker;
			productReference = A099CC60232F3BF70023CC3D /* AnyImagePicker.framework */;
			productType = "com.apple.product-type.framework";
		};
		A099CC68232F3BF70023CC3D /* AnyImagePickerTests */ = {
			isa = PBXNativeTarget;
			buildConfigurationList = A099CC77232F3BF70023CC3D /* Build configuration list for PBXNativeTarget "AnyImagePickerTests" */;
			buildPhases = (
				A099CC65232F3BF70023CC3D /* Sources */,
				A099CC66232F3BF70023CC3D /* Frameworks */,
				A099CC67232F3BF70023CC3D /* Resources */,
			);
			buildRules = (
			);
			dependencies = (
				A099CC6C232F3BF70023CC3D /* PBXTargetDependency */,
			);
			name = AnyImagePickerTests;
			productName = AnyImagePickerTests;
			productReference = A099CC69232F3BF70023CC3D /* AnyImagePickerTests.xctest */;
			productType = "com.apple.product-type.bundle.unit-test";
		};
		A5A27BA5232F82AE00D966B8 /* Example */ = {
			isa = PBXNativeTarget;
			buildConfigurationList = A5A27BB7232F82B000D966B8 /* Build configuration list for PBXNativeTarget "Example" */;
			buildPhases = (
				A5A27BA2232F82AE00D966B8 /* Sources */,
				A5A27BA3232F82AE00D966B8 /* Frameworks */,
				A5A27BA4232F82AE00D966B8 /* Resources */,
				A5A27BD0232F88E900D966B8 /* Embed Frameworks */,
			);
			buildRules = (
			);
			dependencies = (
				A5A27BCF232F88E900D966B8 /* PBXTargetDependency */,
			);
			name = Example;
			productName = Example;
			productReference = A5A27BA6232F82AE00D966B8 /* Example.app */;
			productType = "com.apple.product-type.application";
		};
/* End PBXNativeTarget section */

/* Begin PBXProject section */
		A099CC57232F3BF70023CC3D /* Project object */ = {
			isa = PBXProject;
			attributes = {
				LastSwiftUpdateCheck = 1110;
				LastUpgradeCheck = 1100;
				ORGANIZATIONNAME = anotheren.com;
				TargetAttributes = {
					A099CC5F232F3BF70023CC3D = {
						CreatedOnToolsVersion = 11.0;
						LastSwiftMigration = 1100;
					};
					A099CC68232F3BF70023CC3D = {
						CreatedOnToolsVersion = 11.0;
					};
					A5A27BA5232F82AE00D966B8 = {
						CreatedOnToolsVersion = 11.0;
					};
				};
			};
			buildConfigurationList = A099CC5A232F3BF70023CC3D /* Build configuration list for PBXProject "AnyImagePicker" */;
			compatibilityVersion = "Xcode 9.3";
			developmentRegion = en;
			hasScannedForEncodings = 0;
			knownRegions = (
				en,
				"zh-Hans",
				Base,
			);
			mainGroup = A099CC56232F3BF70023CC3D;
			packageReferences = (
				A5601D38233B0F6200D0E95E /* XCRemoteSwiftPackageReference "SnapKit" */,
			);
			productRefGroup = A099CC61232F3BF70023CC3D /* Products */;
			projectDirPath = "";
			projectRoot = "";
			targets = (
				A099CC5F232F3BF70023CC3D /* AnyImagePicker */,
				A099CC68232F3BF70023CC3D /* AnyImagePickerTests */,
				A5A27BA5232F82AE00D966B8 /* Example */,
			);
		};
/* End PBXProject section */

/* Begin PBXResourcesBuildPhase section */
		A099CC5E232F3BF70023CC3D /* Resources */ = {
			isa = PBXResourcesBuildPhase;
			buildActionMask = 2147483647;
			files = (
				A5A27BC3232F840900D966B8 /* Asset.xcassets in Resources */,
				A5A27BC6232F874500D966B8 /* Localizable.strings in Resources */,
			);
			runOnlyForDeploymentPostprocessing = 0;
		};
		A099CC67232F3BF70023CC3D /* Resources */ = {
			isa = PBXResourcesBuildPhase;
			buildActionMask = 2147483647;
			files = (
			);
			runOnlyForDeploymentPostprocessing = 0;
		};
		A5A27BA4232F82AE00D966B8 /* Resources */ = {
			isa = PBXResourcesBuildPhase;
			buildActionMask = 2147483647;
			files = (
				A5A27BB5232F82B000D966B8 /* LaunchScreen.storyboard in Resources */,
				A5A27BB2232F82B000D966B8 /* Assets.xcassets in Resources */,
				A5A27BB0232F82AE00D966B8 /* Main.storyboard in Resources */,
			);
			runOnlyForDeploymentPostprocessing = 0;
		};
/* End PBXResourcesBuildPhase section */

/* Begin PBXSourcesBuildPhase section */
		A099CC5C232F3BF70023CC3D /* Sources */ = {
			isa = PBXSourcesBuildPhase;
			buildActionMask = 2147483647;
			files = (
				A05C8DA7233DFC71005B0F3C /* PhotoManager+Album.swift in Sources */,
				A036C3942330B5D000D32ED8 /* AssetCell.swift in Sources */,
				A0800415232F5F7A006B4711 /* PhotoManager.swift in Sources */,
				A07D8794233CA257000108C7 /* Ex+CGImagePropertyOrientation.swift in Sources */,
				A05C8DA5233DFA28005B0F3C /* PhotoManager+PhotoGIF.swift in Sources */,
				A0C03C1B2331D426005F742C /* Ex+UIColor.swift in Sources */,
				A56A3C7823306CB700EBFC48 /* PhotoPreviewController.swift in Sources */,
				A5A27BBE232F83DE00D966B8 /* OriginalButton.swift in Sources */,
				A05C8DAB233E0F56005B0F3C /* MediaType.swift in Sources */,
				A5CEB00D233DAF4700C67706 /* PhotoGIFPreviewCell.swift in Sources */,
				A5CC86C123349D4B00BCB372 /* PhotoPreviewIndexView.swift in Sources */,
				A56A3C8C2330BCA100EBFC48 /* PhotoPreviewNavigationBar.swift in Sources */,
				A029D04F2330856C00BC6720 /* Album.swift in Sources */,
				A05C8DA1233DEBFC005B0F3C /* PhotoManager+PhotoData.swift in Sources */,
				A0800411232F4EE4006B4711 /* ImagePickerController.swift in Sources */,
				A58E148D233372D800ACE099 /* VideoView.swift in Sources */,
				A59332602338ADBA003CE652 /* AnimatableImageView.swift in Sources */,
				A56A3C85233087D300EBFC48 /* Ex+UICollectionView.swift in Sources */,
				A5A27BBD232F83DE00D966B8 /* NumberCircleButton.swift in Sources */,
				A0C03C1F23322B26005F742C /* Ex+UIDevice.swift in Sources */,
				A05C8DA3233DEFD7005B0F3C /* PhotoManager+Photo.swift in Sources */,
				A531105723544C0D00D457A8 /* LoadingiCloudView.swift in Sources */,
				A036C3982330E5F300D32ED8 /* Ex+UIImage.swift in Sources */,
				A5325EA72331D78D00ADA116 /* PhotoEditViewController.swift in Sources */,
				A0F4753E232F7DFA00BB117B /* Asset.swift in Sources */,
				A56A3C8323307F8A00EBFC48 /* VideoPreviewCell.swift in Sources */,
				A0800413232F5B44006B4711 /* AssetPickerViewController.swift in Sources */,
				A0F475422330736200BB117B /* Ex+PHAssetCollection.swift in Sources */,
				A0F47540232F89C600BB117B /* AlbumPickerViewController.swift in Sources */,
				A0604E7123307ABD00D9AA01 /* Ex+PHFetchResult.swift in Sources */,
				A52EF7892339B7E700AEE4F7 /* ImagePickerController+Config.swift in Sources */,
				A5ACBFA32341969D00DFEE32 /* PermissionDeniedView.swift in Sources */,
				A56A3C8123307F7D00EBFC48 /* PhotoPreviewCell.swift in Sources */,
				A56A3C7B2330747A00EBFC48 /* ScalePresentationController.swift in Sources */,
				A07D8796233DA2B8000108C7 /* Ex+PHAsset.swift in Sources */,
				A0C03C1A2331D426005F742C /* Ex+UITableView.swift in Sources */,
				A56A3C882330A44B00EBFC48 /* ScaleAnimator.swift in Sources */,
				A036C3932330B5D000D32ED8 /* AlbumCell.swift in Sources */,
				A5325EA52331C14F00ADA116 /* ArrowButton.swift in Sources */,
				A59332622338AED8003CE652 /* AnimatedImage.swift in Sources */,
				A56A3C7E233075D500EBFC48 /* PhotoPreviewControllerDelegate.swift in Sources */,
				A5D4FDA6233DFC4E00A0B138 /* PreviewCell.swift in Sources */,
				A5A27BCB232F884F00D966B8 /* BundleHelper.swift in Sources */,
				A09FFE6123404923000DEF87 /* PhotoManager+Video.swift in Sources */,
				A00869BD233C987600237651 /* AssociatedObject.swift in Sources */,
				A05C8DA9233DFCD2005B0F3C /* ImagePickerError.swift in Sources */,
				A5601D51233B3FC400D0E95E /* StatusBarHelper.swift in Sources */,
				A0C03C1D233208D8005F742C /* MenuDropDownPresentationController.swift in Sources */,
				A56A3C8E2330BCB000EBFC48 /* PhotoToolBar.swift in Sources */,
			);
			runOnlyForDeploymentPostprocessing = 0;
		};
		A099CC65232F3BF70023CC3D /* Sources */ = {
			isa = PBXSourcesBuildPhase;
			buildActionMask = 2147483647;
			files = (
				A099CC6F232F3BF70023CC3D /* AnyImagePickerTests.swift in Sources */,
			);
			runOnlyForDeploymentPostprocessing = 0;
		};
		A5A27BA2232F82AE00D966B8 /* Sources */ = {
			isa = PBXSourcesBuildPhase;
			buildActionMask = 2147483647;
			files = (
				A5A27BAD232F82AE00D966B8 /* ViewController.swift in Sources */,
				A5A27BA9232F82AE00D966B8 /* AppDelegate.swift in Sources */,
			);
			runOnlyForDeploymentPostprocessing = 0;
		};
/* End PBXSourcesBuildPhase section */

/* Begin PBXTargetDependency section */
		A099CC6C232F3BF70023CC3D /* PBXTargetDependency */ = {
			isa = PBXTargetDependency;
			target = A099CC5F232F3BF70023CC3D /* AnyImagePicker */;
			targetProxy = A099CC6B232F3BF70023CC3D /* PBXContainerItemProxy */;
		};
		A5A27BCF232F88E900D966B8 /* PBXTargetDependency */ = {
			isa = PBXTargetDependency;
			target = A099CC5F232F3BF70023CC3D /* AnyImagePicker */;
			targetProxy = A5A27BCE232F88E900D966B8 /* PBXContainerItemProxy */;
		};
/* End PBXTargetDependency section */

/* Begin PBXVariantGroup section */
		A5A27BAE232F82AE00D966B8 /* Main.storyboard */ = {
			isa = PBXVariantGroup;
			children = (
				A0DBD4ED2334A14600121FC0 /* en */,
				A0DBD4EF2334A1FA00121FC0 /* zh-Hans */,
			);
			name = Main.storyboard;
			sourceTree = "<group>";
		};
		A5A27BB3232F82B000D966B8 /* LaunchScreen.storyboard */ = {
			isa = PBXVariantGroup;
			children = (
				A0DBD4EE2334A14600121FC0 /* en */,
				A0DBD4F02334A1FA00121FC0 /* zh-Hans */,
			);
			name = LaunchScreen.storyboard;
			sourceTree = "<group>";
		};
		A5A27BC8232F874500D966B8 /* Localizable.strings */ = {
			isa = PBXVariantGroup;
			children = (
				A5A27BC7232F874500D966B8 /* en */,
				A0DBD4F12334A20700121FC0 /* zh-Hans */,
			);
			name = Localizable.strings;
			sourceTree = "<group>";
		};
/* End PBXVariantGroup section */

/* Begin XCBuildConfiguration section */
		A099CC72232F3BF70023CC3D /* Debug */ = {
			isa = XCBuildConfiguration;
			buildSettings = {
				ALWAYS_SEARCH_USER_PATHS = NO;
				CLANG_ANALYZER_LOCALIZABILITY_NONLOCALIZED = YES;
				CLANG_ANALYZER_NONNULL = YES;
				CLANG_ANALYZER_NUMBER_OBJECT_CONVERSION = YES_AGGRESSIVE;
				CLANG_CXX_LANGUAGE_STANDARD = "gnu++14";
				CLANG_CXX_LIBRARY = "libc++";
				CLANG_ENABLE_MODULES = YES;
				CLANG_ENABLE_OBJC_ARC = YES;
				CLANG_ENABLE_OBJC_WEAK = YES;
				CLANG_WARN_BLOCK_CAPTURE_AUTORELEASING = YES;
				CLANG_WARN_BOOL_CONVERSION = YES;
				CLANG_WARN_COMMA = YES;
				CLANG_WARN_CONSTANT_CONVERSION = YES;
				CLANG_WARN_DEPRECATED_OBJC_IMPLEMENTATIONS = YES;
				CLANG_WARN_DIRECT_OBJC_ISA_USAGE = YES_ERROR;
				CLANG_WARN_DOCUMENTATION_COMMENTS = YES;
				CLANG_WARN_EMPTY_BODY = YES;
				CLANG_WARN_ENUM_CONVERSION = YES;
				CLANG_WARN_INFINITE_RECURSION = YES;
				CLANG_WARN_INT_CONVERSION = YES;
				CLANG_WARN_NON_LITERAL_NULL_CONVERSION = YES;
				CLANG_WARN_OBJC_IMPLICIT_RETAIN_SELF = YES;
				CLANG_WARN_OBJC_LITERAL_CONVERSION = YES;
				CLANG_WARN_OBJC_ROOT_CLASS = YES_ERROR;
				CLANG_WARN_RANGE_LOOP_ANALYSIS = YES;
				CLANG_WARN_STRICT_PROTOTYPES = YES;
				CLANG_WARN_SUSPICIOUS_MOVE = YES;
				CLANG_WARN_UNGUARDED_AVAILABILITY = YES_AGGRESSIVE;
				CLANG_WARN_UNREACHABLE_CODE = YES;
				CLANG_WARN__DUPLICATE_METHOD_MATCH = YES;
				COPY_PHASE_STRIP = NO;
				CURRENT_PROJECT_VERSION = 1;
				DEBUG_INFORMATION_FORMAT = dwarf;
				ENABLE_STRICT_OBJC_MSGSEND = YES;
				ENABLE_TESTABILITY = YES;
				GCC_C_LANGUAGE_STANDARD = gnu11;
				GCC_DYNAMIC_NO_PIC = NO;
				GCC_NO_COMMON_BLOCKS = YES;
				GCC_OPTIMIZATION_LEVEL = 0;
				GCC_PREPROCESSOR_DEFINITIONS = (
					"DEBUG=1",
					"$(inherited)",
				);
				GCC_WARN_64_TO_32_BIT_CONVERSION = YES;
				GCC_WARN_ABOUT_RETURN_TYPE = YES_ERROR;
				GCC_WARN_UNDECLARED_SELECTOR = YES;
				GCC_WARN_UNINITIALIZED_AUTOS = YES_AGGRESSIVE;
				GCC_WARN_UNUSED_FUNCTION = YES;
				GCC_WARN_UNUSED_VARIABLE = YES;
				IPHONEOS_DEPLOYMENT_TARGET = 13.0;
				MTL_ENABLE_DEBUG_INFO = INCLUDE_SOURCE;
				MTL_FAST_MATH = YES;
				ONLY_ACTIVE_ARCH = YES;
				SDKROOT = iphoneos;
				SWIFT_ACTIVE_COMPILATION_CONDITIONS = DEBUG;
				SWIFT_OPTIMIZATION_LEVEL = "-Onone";
				VERSIONING_SYSTEM = "apple-generic";
				VERSION_INFO_PREFIX = "";
			};
			name = Debug;
		};
		A099CC73232F3BF70023CC3D /* Release */ = {
			isa = XCBuildConfiguration;
			buildSettings = {
				ALWAYS_SEARCH_USER_PATHS = NO;
				CLANG_ANALYZER_LOCALIZABILITY_NONLOCALIZED = YES;
				CLANG_ANALYZER_NONNULL = YES;
				CLANG_ANALYZER_NUMBER_OBJECT_CONVERSION = YES_AGGRESSIVE;
				CLANG_CXX_LANGUAGE_STANDARD = "gnu++14";
				CLANG_CXX_LIBRARY = "libc++";
				CLANG_ENABLE_MODULES = YES;
				CLANG_ENABLE_OBJC_ARC = YES;
				CLANG_ENABLE_OBJC_WEAK = YES;
				CLANG_WARN_BLOCK_CAPTURE_AUTORELEASING = YES;
				CLANG_WARN_BOOL_CONVERSION = YES;
				CLANG_WARN_COMMA = YES;
				CLANG_WARN_CONSTANT_CONVERSION = YES;
				CLANG_WARN_DEPRECATED_OBJC_IMPLEMENTATIONS = YES;
				CLANG_WARN_DIRECT_OBJC_ISA_USAGE = YES_ERROR;
				CLANG_WARN_DOCUMENTATION_COMMENTS = YES;
				CLANG_WARN_EMPTY_BODY = YES;
				CLANG_WARN_ENUM_CONVERSION = YES;
				CLANG_WARN_INFINITE_RECURSION = YES;
				CLANG_WARN_INT_CONVERSION = YES;
				CLANG_WARN_NON_LITERAL_NULL_CONVERSION = YES;
				CLANG_WARN_OBJC_IMPLICIT_RETAIN_SELF = YES;
				CLANG_WARN_OBJC_LITERAL_CONVERSION = YES;
				CLANG_WARN_OBJC_ROOT_CLASS = YES_ERROR;
				CLANG_WARN_RANGE_LOOP_ANALYSIS = YES;
				CLANG_WARN_STRICT_PROTOTYPES = YES;
				CLANG_WARN_SUSPICIOUS_MOVE = YES;
				CLANG_WARN_UNGUARDED_AVAILABILITY = YES_AGGRESSIVE;
				CLANG_WARN_UNREACHABLE_CODE = YES;
				CLANG_WARN__DUPLICATE_METHOD_MATCH = YES;
				COPY_PHASE_STRIP = NO;
				CURRENT_PROJECT_VERSION = 1;
				DEBUG_INFORMATION_FORMAT = "dwarf-with-dsym";
				ENABLE_NS_ASSERTIONS = NO;
				ENABLE_STRICT_OBJC_MSGSEND = YES;
				GCC_C_LANGUAGE_STANDARD = gnu11;
				GCC_NO_COMMON_BLOCKS = YES;
				GCC_WARN_64_TO_32_BIT_CONVERSION = YES;
				GCC_WARN_ABOUT_RETURN_TYPE = YES_ERROR;
				GCC_WARN_UNDECLARED_SELECTOR = YES;
				GCC_WARN_UNINITIALIZED_AUTOS = YES_AGGRESSIVE;
				GCC_WARN_UNUSED_FUNCTION = YES;
				GCC_WARN_UNUSED_VARIABLE = YES;
				IPHONEOS_DEPLOYMENT_TARGET = 13.0;
				MTL_ENABLE_DEBUG_INFO = NO;
				MTL_FAST_MATH = YES;
				SDKROOT = iphoneos;
				SWIFT_COMPILATION_MODE = wholemodule;
				SWIFT_OPTIMIZATION_LEVEL = "-O";
				VALIDATE_PRODUCT = YES;
				VERSIONING_SYSTEM = "apple-generic";
				VERSION_INFO_PREFIX = "";
			};
			name = Release;
		};
		A099CC75232F3BF70023CC3D /* Debug */ = {
			isa = XCBuildConfiguration;
			buildSettings = {
				CLANG_ENABLE_MODULES = YES;
				CODE_SIGN_STYLE = Automatic;
				DEFINES_MODULE = YES;
				DEVELOPMENT_TEAM = "";
				DYLIB_COMPATIBILITY_VERSION = 1;
				DYLIB_CURRENT_VERSION = 1;
				DYLIB_INSTALL_NAME_BASE = "@rpath";
				FRAMEWORK_SEARCH_PATHS = "$(inherited)";
				INFOPLIST_FILE = Sources/Info.plist;
				INSTALL_PATH = "$(LOCAL_LIBRARY_DIR)/Frameworks";
				IPHONEOS_DEPLOYMENT_TARGET = 10.0;
				LD_RUNPATH_SEARCH_PATHS = (
					"$(inherited)",
					"@executable_path/Frameworks",
					"@loader_path/Frameworks",
				);
				MARKETING_VERSION = 1.0.0;
				PRODUCT_BUNDLE_IDENTIFIER = com.anotheren.AnyImagePicker;
				PRODUCT_NAME = "$(TARGET_NAME:c99extidentifier)";
				SKIP_INSTALL = YES;
				SWIFT_OPTIMIZATION_LEVEL = "-Onone";
				SWIFT_VERSION = 5.0;
				TARGETED_DEVICE_FAMILY = "1,2";
			};
			name = Debug;
		};
		A099CC76232F3BF70023CC3D /* Release */ = {
			isa = XCBuildConfiguration;
			buildSettings = {
				CLANG_ENABLE_MODULES = YES;
				CODE_SIGN_STYLE = Automatic;
				DEFINES_MODULE = YES;
				DEVELOPMENT_TEAM = "";
				DYLIB_COMPATIBILITY_VERSION = 1;
				DYLIB_CURRENT_VERSION = 1;
				DYLIB_INSTALL_NAME_BASE = "@rpath";
				FRAMEWORK_SEARCH_PATHS = "$(inherited)";
				INFOPLIST_FILE = Sources/Info.plist;
				INSTALL_PATH = "$(LOCAL_LIBRARY_DIR)/Frameworks";
				IPHONEOS_DEPLOYMENT_TARGET = 10.0;
				LD_RUNPATH_SEARCH_PATHS = (
					"$(inherited)",
					"@executable_path/Frameworks",
					"@loader_path/Frameworks",
				);
				MARKETING_VERSION = 1.0.0;
				PRODUCT_BUNDLE_IDENTIFIER = com.anotheren.AnyImagePicker;
				PRODUCT_NAME = "$(TARGET_NAME:c99extidentifier)";
				SKIP_INSTALL = YES;
				SWIFT_VERSION = 5.0;
				TARGETED_DEVICE_FAMILY = "1,2";
			};
			name = Release;
		};
		A099CC78232F3BF70023CC3D /* Debug */ = {
			isa = XCBuildConfiguration;
			buildSettings = {
				ALWAYS_EMBED_SWIFT_STANDARD_LIBRARIES = YES;
				CODE_SIGN_STYLE = Automatic;
				DEVELOPMENT_TEAM = 7SA22A9L3L;
				INFOPLIST_FILE = Tests/Info.plist;
				LD_RUNPATH_SEARCH_PATHS = (
					"$(inherited)",
					"@executable_path/Frameworks",
					"@loader_path/Frameworks",
				);
				PRODUCT_BUNDLE_IDENTIFIER = com.anotheren.AnyImagePickerTests;
				PRODUCT_NAME = "$(TARGET_NAME)";
				SWIFT_VERSION = 5.0;
				TARGETED_DEVICE_FAMILY = "1,2";
			};
			name = Debug;
		};
		A099CC79232F3BF70023CC3D /* Release */ = {
			isa = XCBuildConfiguration;
			buildSettings = {
				ALWAYS_EMBED_SWIFT_STANDARD_LIBRARIES = YES;
				CODE_SIGN_STYLE = Automatic;
				DEVELOPMENT_TEAM = 7SA22A9L3L;
				INFOPLIST_FILE = Tests/Info.plist;
				LD_RUNPATH_SEARCH_PATHS = (
					"$(inherited)",
					"@executable_path/Frameworks",
					"@loader_path/Frameworks",
				);
				PRODUCT_BUNDLE_IDENTIFIER = com.anotheren.AnyImagePickerTests;
				PRODUCT_NAME = "$(TARGET_NAME)";
				SWIFT_VERSION = 5.0;
				TARGETED_DEVICE_FAMILY = "1,2";
			};
			name = Release;
		};
		A5A27BB8232F82B000D966B8 /* Debug */ = {
			isa = XCBuildConfiguration;
			buildSettings = {
				ASSETCATALOG_COMPILER_APPICON_NAME = AppIcon;
				CODE_SIGN_ENTITLEMENTS = Example/Example.entitlements;
				CODE_SIGN_STYLE = Automatic;
				DERIVE_MACCATALYST_PRODUCT_BUNDLE_IDENTIFIER = YES;
				DEVELOPMENT_TEAM = 5HZKWDU956;
				FRAMEWORK_SEARCH_PATHS = "$(inherited)";
				INFOPLIST_FILE = Example/Info.plist;
				IPHONEOS_DEPLOYMENT_TARGET = 10.0;
				LD_RUNPATH_SEARCH_PATHS = (
					"$(inherited)",
					"@executable_path/Frameworks",
				);
				PRODUCT_BUNDLE_IDENTIFIER = com.anotheren.AnyImagePicker.Example;
				PRODUCT_NAME = "$(TARGET_NAME)";
				SUPPORTS_MACCATALYST = YES;
				SWIFT_VERSION = 5.0;
				TARGETED_DEVICE_FAMILY = "1,2";
			};
			name = Debug;
		};
		A5A27BB9232F82B000D966B8 /* Release */ = {
			isa = XCBuildConfiguration;
			buildSettings = {
				ASSETCATALOG_COMPILER_APPICON_NAME = AppIcon;
				CODE_SIGN_ENTITLEMENTS = Example/Example.entitlements;
				CODE_SIGN_STYLE = Automatic;
				DERIVE_MACCATALYST_PRODUCT_BUNDLE_IDENTIFIER = YES;
				DEVELOPMENT_TEAM = 5HZKWDU956;
				FRAMEWORK_SEARCH_PATHS = "$(inherited)";
				INFOPLIST_FILE = Example/Info.plist;
				IPHONEOS_DEPLOYMENT_TARGET = 10.0;
				LD_RUNPATH_SEARCH_PATHS = (
					"$(inherited)",
					"@executable_path/Frameworks",
				);
				PRODUCT_BUNDLE_IDENTIFIER = com.anotheren.AnyImagePicker.Example;
				PRODUCT_NAME = "$(TARGET_NAME)";
				SUPPORTS_MACCATALYST = YES;
				SWIFT_VERSION = 5.0;
				TARGETED_DEVICE_FAMILY = "1,2";
			};
			name = Release;
		};
/* End XCBuildConfiguration section */

/* Begin XCConfigurationList section */
		A099CC5A232F3BF70023CC3D /* Build configuration list for PBXProject "AnyImagePicker" */ = {
			isa = XCConfigurationList;
			buildConfigurations = (
				A099CC72232F3BF70023CC3D /* Debug */,
				A099CC73232F3BF70023CC3D /* Release */,
			);
			defaultConfigurationIsVisible = 0;
			defaultConfigurationName = Release;
		};
		A099CC74232F3BF70023CC3D /* Build configuration list for PBXNativeTarget "AnyImagePicker" */ = {
			isa = XCConfigurationList;
			buildConfigurations = (
				A099CC75232F3BF70023CC3D /* Debug */,
				A099CC76232F3BF70023CC3D /* Release */,
			);
			defaultConfigurationIsVisible = 0;
			defaultConfigurationName = Release;
		};
		A099CC77232F3BF70023CC3D /* Build configuration list for PBXNativeTarget "AnyImagePickerTests" */ = {
			isa = XCConfigurationList;
			buildConfigurations = (
				A099CC78232F3BF70023CC3D /* Debug */,
				A099CC79232F3BF70023CC3D /* Release */,
			);
			defaultConfigurationIsVisible = 0;
			defaultConfigurationName = Release;
		};
		A5A27BB7232F82B000D966B8 /* Build configuration list for PBXNativeTarget "Example" */ = {
			isa = XCConfigurationList;
			buildConfigurations = (
				A5A27BB8232F82B000D966B8 /* Debug */,
				A5A27BB9232F82B000D966B8 /* Release */,
			);
			defaultConfigurationIsVisible = 0;
			defaultConfigurationName = Release;
		};
/* End XCConfigurationList section */

/* Begin XCRemoteSwiftPackageReference section */
		A5601D38233B0F6200D0E95E /* XCRemoteSwiftPackageReference "SnapKit" */ = {
			isa = XCRemoteSwiftPackageReference;
			repositoryURL = "https://github.com/SnapKit/SnapKit.git";
			requirement = {
				kind = upToNextMajorVersion;
				minimumVersion = 5.0.1;
			};
		};
/* End XCRemoteSwiftPackageReference section */

/* Begin XCSwiftPackageProductDependency section */
		A5601D39233B0F6200D0E95E /* SnapKit */ = {
			isa = XCSwiftPackageProductDependency;
			package = A5601D38233B0F6200D0E95E /* XCRemoteSwiftPackageReference "SnapKit" */;
			productName = SnapKit;
		};
/* End XCSwiftPackageProductDependency section */
	};
	rootObject = A099CC57232F3BF70023CC3D /* Project object */;
}
